
Microsoft Visual Studio Solution File, Format Version 12.00
# Visual Studio 14
VisualStudioVersion = 14.0.25420.1
MinimumVisualStudioVersion = 10.0.40219.1
Project("{8BC9CEB8-8B4A-11D0-8D11-00A0C91BC942}") = "build_all", "build_all.vcxproj", "{870590B0-E920-4B29-A2A9-3ABEF5D8590B}"
	ProjectSection(ProjectDependencies) = postProject
		{874CB72F-251B-455E-8024-35C9710C18EB} = {874CB72F-251B-455E-8024-35C9710C18EB}
		{D283F07C-8003-4356-B434-74CE7E42E31B} = {D283F07C-8003-4356-B434-74CE7E42E31B}
		{8C62BEC3-7890-429A-B118-FA7C43929846} = {8C62BEC3-7890-429A-B118-FA7C43929846}
	EndProjectSection
EndProject
Project("{8BC9CEB8-8B4A-11D0-8D11-00A0C91BC942}") = "accumulate_cut_c", "..\cpp\accumulate_cut_c\accumulate_cut_c\accumulate_cut_c.vcxproj", "{FFD6E603-ED85-4A3A-A35E-6D847CE2AB19}"
EndProject
Project("{8BC9CEB8-8B4A-11D0-8D11-00A0C91BC942}") = "bin_pixels_c", "..\cpp\bin_pixels_c\bin_pixels_c\bin_pixels_c.vcxproj", "{672157BD-9B1B-4BC7-87AD-BA4596367EAB}"
EndProject
Project("{8BC9CEB8-8B4A-11D0-8D11-00A0C91BC942}") = "calc_projections_c", "..\cpp\calc_projections_c\calc_projections_c\calc_projections_c.vcxproj", "{BC33A7CD-98C2-4EE5-B5C3-7796CFD97138}"
EndProject
Project("{8BC9CEB8-8B4A-11D0-8D11-00A0C91BC942}") = "sort_pixels_by_bins", "..\cpp\sort_pixels_by_bins\sort_pixels_by_bins\sort_pixels_by_bins.vcxproj", "{2F2ECEEF-3129-4E36-AB1F-005C19F06512}"
EndProject
Project("{8BC9CEB8-8B4A-11D0-8D11-00A0C91BC942}") = "recompute_bin_data_c", "..\cpp\recompute_bin_data\recompute_bin_data.vcxproj", "{D283F07C-8003-4356-B434-74CE7E42E31B}"
EndProject
Project("{8BC9CEB8-8B4A-11D0-8D11-00A0C91BC942}") = "combine_sqw", "..\cpp\combine_sqw\combine_sqw.vcxproj", "{874CB72F-251B-455E-8024-35C9710C18EB}"
EndProject
Project("{8BC9CEB8-8B4A-11D0-8D11-00A0C91BC942}") = "mtimesmex", "..\cpp\mtimesx\mtimes_mexVC2015\mtimesmex.vcxproj", "{8C62BEC3-7890-429A-B118-FA7C43929846}"
EndProject
Global
	GlobalSection(SolutionConfigurationPlatforms) = preSolution
		Debug|Win32 = Debug|Win32
		Debug|x64 = Debug|x64
		Release|Win32 = Release|Win32
		Release|x64 = Release|x64
		RelWithDebugInfo|Win32 = RelWithDebugInfo|Win32
		RelWithDebugInfo|x64 = RelWithDebugInfo|x64
	EndGlobalSection
	GlobalSection(ProjectConfigurationPlatforms) = postSolution
		{870590B0-E920-4B29-A2A9-3ABEF5D8590B}.Debug|Win32.ActiveCfg = Debug|Win32
		{870590B0-E920-4B29-A2A9-3ABEF5D8590B}.Debug|Win32.Build.0 = Debug|Win32
		{870590B0-E920-4B29-A2A9-3ABEF5D8590B}.Debug|x64.ActiveCfg = Debug|x64
		{870590B0-E920-4B29-A2A9-3ABEF5D8590B}.Debug|x64.Build.0 = Debug|x64
		{870590B0-E920-4B29-A2A9-3ABEF5D8590B}.Release|Win32.ActiveCfg = Release|Win32
		{870590B0-E920-4B29-A2A9-3ABEF5D8590B}.Release|Win32.Build.0 = Release|Win32
		{870590B0-E920-4B29-A2A9-3ABEF5D8590B}.Release|x64.ActiveCfg = Release|x64
		{870590B0-E920-4B29-A2A9-3ABEF5D8590B}.Release|x64.Build.0 = Release|x64
		{870590B0-E920-4B29-A2A9-3ABEF5D8590B}.RelWithDebugInfo|Win32.ActiveCfg = RelWithDebugInfo|Win32
		{870590B0-E920-4B29-A2A9-3ABEF5D8590B}.RelWithDebugInfo|Win32.Build.0 = RelWithDebugInfo|Win32
		{870590B0-E920-4B29-A2A9-3ABEF5D8590B}.RelWithDebugInfo|x64.ActiveCfg = RelWithDebugInfo|x64
		{870590B0-E920-4B29-A2A9-3ABEF5D8590B}.RelWithDebugInfo|x64.Build.0 = RelWithDebugInfo|x64
		{FFD6E603-ED85-4A3A-A35E-6D847CE2AB19}.Debug|Win32.ActiveCfg = Debug|Win32
		{FFD6E603-ED85-4A3A-A35E-6D847CE2AB19}.Debug|Win32.Build.0 = Debug|Win32
		{FFD6E603-ED85-4A3A-A35E-6D847CE2AB19}.Debug|x64.ActiveCfg = Debug|x64
		{FFD6E603-ED85-4A3A-A35E-6D847CE2AB19}.Debug|x64.Build.0 = Debug|x64
		{FFD6E603-ED85-4A3A-A35E-6D847CE2AB19}.Release|Win32.ActiveCfg = Release|Win32
		{FFD6E603-ED85-4A3A-A35E-6D847CE2AB19}.Release|Win32.Build.0 = Release|Win32
		{FFD6E603-ED85-4A3A-A35E-6D847CE2AB19}.Release|x64.ActiveCfg = Release|x64
		{FFD6E603-ED85-4A3A-A35E-6D847CE2AB19}.Release|x64.Build.0 = Release|x64
		{FFD6E603-ED85-4A3A-A35E-6D847CE2AB19}.RelWithDebugInfo|Win32.ActiveCfg = RelWithDebugInfo|Win32
		{FFD6E603-ED85-4A3A-A35E-6D847CE2AB19}.RelWithDebugInfo|Win32.Build.0 = RelWithDebugInfo|Win32
		{FFD6E603-ED85-4A3A-A35E-6D847CE2AB19}.RelWithDebugInfo|x64.ActiveCfg = RelWithDebugInfo|x64
		{FFD6E603-ED85-4A3A-A35E-6D847CE2AB19}.RelWithDebugInfo|x64.Build.0 = RelWithDebugInfo|x64
		{672157BD-9B1B-4BC7-87AD-BA4596367EAB}.Debug|Win32.ActiveCfg = Debug|Win32
		{672157BD-9B1B-4BC7-87AD-BA4596367EAB}.Debug|Win32.Build.0 = Debug|Win32
		{672157BD-9B1B-4BC7-87AD-BA4596367EAB}.Debug|x64.ActiveCfg = Debug|x64
		{672157BD-9B1B-4BC7-87AD-BA4596367EAB}.Debug|x64.Build.0 = Debug|x64
		{672157BD-9B1B-4BC7-87AD-BA4596367EAB}.Release|Win32.ActiveCfg = Release|Win32
		{672157BD-9B1B-4BC7-87AD-BA4596367EAB}.Release|Win32.Build.0 = Release|Win32
		{672157BD-9B1B-4BC7-87AD-BA4596367EAB}.Release|x64.ActiveCfg = Release|x64
		{672157BD-9B1B-4BC7-87AD-BA4596367EAB}.Release|x64.Build.0 = Release|x64
		{672157BD-9B1B-4BC7-87AD-BA4596367EAB}.RelWithDebugInfo|Win32.ActiveCfg = RelWithDebugInfo|Win32
		{672157BD-9B1B-4BC7-87AD-BA4596367EAB}.RelWithDebugInfo|Win32.Build.0 = RelWithDebugInfo|Win32
		{672157BD-9B1B-4BC7-87AD-BA4596367EAB}.RelWithDebugInfo|x64.ActiveCfg = RelWithDebugInfo|x64
		{672157BD-9B1B-4BC7-87AD-BA4596367EAB}.RelWithDebugInfo|x64.Build.0 = RelWithDebugInfo|x64
		{BC33A7CD-98C2-4EE5-B5C3-7796CFD97138}.Debug|Win32.ActiveCfg = Debug|Win32
		{BC33A7CD-98C2-4EE5-B5C3-7796CFD97138}.Debug|Win32.Build.0 = Debug|Win32
		{BC33A7CD-98C2-4EE5-B5C3-7796CFD97138}.Debug|x64.ActiveCfg = Debug|x64
		{BC33A7CD-98C2-4EE5-B5C3-7796CFD97138}.Debug|x64.Build.0 = Debug|x64
		{BC33A7CD-98C2-4EE5-B5C3-7796CFD97138}.Release|Win32.ActiveCfg = Release|Win32
		{BC33A7CD-98C2-4EE5-B5C3-7796CFD97138}.Release|Win32.Build.0 = Release|Win32
		{BC33A7CD-98C2-4EE5-B5C3-7796CFD97138}.Release|x64.ActiveCfg = Release|x64
		{BC33A7CD-98C2-4EE5-B5C3-7796CFD97138}.Release|x64.Build.0 = Release|x64
		{BC33A7CD-98C2-4EE5-B5C3-7796CFD97138}.RelWithDebugInfo|Win32.ActiveCfg = RelWithDebugInfo|Win32
		{BC33A7CD-98C2-4EE5-B5C3-7796CFD97138}.RelWithDebugInfo|Win32.Build.0 = RelWithDebugInfo|Win32
		{BC33A7CD-98C2-4EE5-B5C3-7796CFD97138}.RelWithDebugInfo|x64.ActiveCfg = RelWithDebugInfo|x64
		{BC33A7CD-98C2-4EE5-B5C3-7796CFD97138}.RelWithDebugInfo|x64.Build.0 = RelWithDebugInfo|x64
		{2F2ECEEF-3129-4E36-AB1F-005C19F06512}.Debug|Win32.ActiveCfg = Debug|Win32
		{2F2ECEEF-3129-4E36-AB1F-005C19F06512}.Debug|Win32.Build.0 = Debug|Win32
		{2F2ECEEF-3129-4E36-AB1F-005C19F06512}.Debug|x64.ActiveCfg = Debug|x64
		{2F2ECEEF-3129-4E36-AB1F-005C19F06512}.Debug|x64.Build.0 = Debug|x64
		{2F2ECEEF-3129-4E36-AB1F-005C19F06512}.Release|Win32.ActiveCfg = Release|Win32
		{2F2ECEEF-3129-4E36-AB1F-005C19F06512}.Release|Win32.Build.0 = Release|Win32
		{2F2ECEEF-3129-4E36-AB1F-005C19F06512}.Release|x64.ActiveCfg = Release|x64
		{2F2ECEEF-3129-4E36-AB1F-005C19F06512}.Release|x64.Build.0 = Release|x64
		{2F2ECEEF-3129-4E36-AB1F-005C19F06512}.RelWithDebugInfo|Win32.ActiveCfg = RelWithDebugInfo|Win32
		{2F2ECEEF-3129-4E36-AB1F-005C19F06512}.RelWithDebugInfo|Win32.Build.0 = RelWithDebugInfo|Win32
		{2F2ECEEF-3129-4E36-AB1F-005C19F06512}.RelWithDebugInfo|x64.ActiveCfg = RelWithDebugInfo|x64
		{2F2ECEEF-3129-4E36-AB1F-005C19F06512}.RelWithDebugInfo|x64.Build.0 = RelWithDebugInfo|x64
		{D283F07C-8003-4356-B434-74CE7E42E31B}.Debug|Win32.ActiveCfg = Debug|Win32
		{D283F07C-8003-4356-B434-74CE7E42E31B}.Debug|Win32.Build.0 = Debug|Win32
		{D283F07C-8003-4356-B434-74CE7E42E31B}.Debug|x64.ActiveCfg = Debug|x64
		{D283F07C-8003-4356-B434-74CE7E42E31B}.Debug|x64.Build.0 = Debug|x64
		{D283F07C-8003-4356-B434-74CE7E42E31B}.Release|Win32.ActiveCfg = Release|Win32
		{D283F07C-8003-4356-B434-74CE7E42E31B}.Release|Win32.Build.0 = Release|Win32
		{D283F07C-8003-4356-B434-74CE7E42E31B}.Release|x64.ActiveCfg = Release|x64
		{D283F07C-8003-4356-B434-74CE7E42E31B}.Release|x64.Build.0 = Release|x64
		{D283F07C-8003-4356-B434-74CE7E42E31B}.RelWithDebugInfo|Win32.ActiveCfg = RelWithDebugInfo|Win32
		{D283F07C-8003-4356-B434-74CE7E42E31B}.RelWithDebugInfo|Win32.Build.0 = RelWithDebugInfo|Win32
		{D283F07C-8003-4356-B434-74CE7E42E31B}.RelWithDebugInfo|x64.ActiveCfg = RelWithDebugInfo|x64
		{D283F07C-8003-4356-B434-74CE7E42E31B}.RelWithDebugInfo|x64.Build.0 = RelWithDebugInfo|x64
		{874CB72F-251B-455E-8024-35C9710C18EB}.Debug|Win32.ActiveCfg = Debug|Win32
		{874CB72F-251B-455E-8024-35C9710C18EB}.Debug|Win32.Build.0 = Debug|Win32
		{874CB72F-251B-455E-8024-35C9710C18EB}.Debug|x64.ActiveCfg = Debug|x64
		{874CB72F-251B-455E-8024-35C9710C18EB}.Debug|x64.Build.0 = Debug|x64
		{874CB72F-251B-455E-8024-35C9710C18EB}.Release|Win32.ActiveCfg = Release|Win32
		{874CB72F-251B-455E-8024-35C9710C18EB}.Release|Win32.Build.0 = Release|Win32
		{874CB72F-251B-455E-8024-35C9710C18EB}.Release|x64.ActiveCfg = Release|x64
		{874CB72F-251B-455E-8024-35C9710C18EB}.Release|x64.Build.0 = Release|x64
		{874CB72F-251B-455E-8024-35C9710C18EB}.RelWithDebugInfo|Win32.ActiveCfg = RelWithDebugInfo|Win32
		{874CB72F-251B-455E-8024-35C9710C18EB}.RelWithDebugInfo|Win32.Build.0 = RelWithDebugInfo|Win32
		{874CB72F-251B-455E-8024-35C9710C18EB}.RelWithDebugInfo|x64.ActiveCfg = RelWithDebugInfo|x64
		{874CB72F-251B-455E-8024-35C9710C18EB}.RelWithDebugInfo|x64.Build.0 = RelWithDebugInfo|x64
		{8C62BEC3-7890-429A-B118-FA7C43929846}.Debug|Win32.ActiveCfg = Debug|Win32
		{8C62BEC3-7890-429A-B118-FA7C43929846}.Debug|Win32.Build.0 = Debug|Win32
		{8C62BEC3-7890-429A-B118-FA7C43929846}.Debug|x64.ActiveCfg = Debug|x64
		{8C62BEC3-7890-429A-B118-FA7C43929846}.Debug|x64.Build.0 = Debug|x64
		{8C62BEC3-7890-429A-B118-FA7C43929846}.Release|Win32.ActiveCfg = Release|Win32
		{8C62BEC3-7890-429A-B118-FA7C43929846}.Release|Win32.Build.0 = Release|Win32
		{8C62BEC3-7890-429A-B118-FA7C43929846}.Release|x64.ActiveCfg = Release|x64
		{8C62BEC3-7890-429A-B118-FA7C43929846}.Release|x64.Build.0 = Release|x64
		{8C62BEC3-7890-429A-B118-FA7C43929846}.RelWithDebugInfo|Win32.ActiveCfg = RelWithDebugInfo|Win32
		{8C62BEC3-7890-429A-B118-FA7C43929846}.RelWithDebugInfo|Win32.Build.0 = RelWithDebugInfo|Win32
		{8C62BEC3-7890-429A-B118-FA7C43929846}.RelWithDebugInfo|x64.ActiveCfg = RelWithDebugInfo|x64
		{8C62BEC3-7890-429A-B118-FA7C43929846}.RelWithDebugInfo|x64.Build.0 = RelWithDebugInfo|x64
	EndGlobalSection
	GlobalSection(SolutionProperties) = preSolution
		HideSolutionNode = FALSE
	EndGlobalSection
EndGlobal
